// !$*UTF8*$!
{
	archiveVersion = 1;
	classes = {
	};
	objectVersion = 46;
	objects = {

/* Begin PBXBuildFile section */
		BC166DDB1D881E58009EC5D3 /* GoogleService-Info.plist in Resources */ = {isa = PBXBuildFile; fileRef = BC166DDA1D881E58009EC5D3 /* GoogleService-Info.plist */; };
		BC166DEC1D881EFE009EC5D3 /* Extensions.swift in Sources */ = {isa = PBXBuildFile; fileRef = BC166DDE1D881EFE009EC5D3 /* Extensions.swift */; };
		BC166DEF1D881EFE009EC5D3 /* Form.swift in Sources */ = {isa = PBXBuildFile; fileRef = BC166DE11D881EFE009EC5D3 /* Form.swift */; };
		BC166DF21D881EFE009EC5D3 /* LocalInfoEntry.swift in Sources */ = {isa = PBXBuildFile; fileRef = BC166DE41D881EFE009EC5D3 /* LocalInfoEntry.swift */; };
		BC166DF41D881EFE009EC5D3 /* Race.swift in Sources */ = {isa = PBXBuildFile; fileRef = BC166DE61D881EFE009EC5D3 /* Race.swift */; };
		BC166DF61D881EFE009EC5D3 /* Runner.swift in Sources */ = {isa = PBXBuildFile; fileRef = BC166DE91D881EFE009EC5D3 /* Runner.swift */; };
		BC166DF71D881EFE009EC5D3 /* Tip.swift in Sources */ = {isa = PBXBuildFile; fileRef = BC166DEA1D881EFE009EC5D3 /* Tip.swift */; };
		BC166E041D881F1F009EC5D3 /* FBTableViewDataSource.swift in Sources */ = {isa = PBXBuildFile; fileRef = BC166DF91D881F1F009EC5D3 /* FBTableViewDataSource.swift */; };
		BC166E081D881F1F009EC5D3 /* ImageUpload.swift in Sources */ = {isa = PBXBuildFile; fileRef = BC166DFF1D881F1F009EC5D3 /* ImageUpload.swift */; };
		BC166E0B1D881F1F009EC5D3 /* ObjectContext.swift in Sources */ = {isa = PBXBuildFile; fileRef = BC166E031D881F1F009EC5D3 /* ObjectContext.swift */; };
		BC166E0D1D881F7F009EC5D3 /* FBDelegate.swift in Sources */ = {isa = PBXBuildFile; fileRef = BC166E0C1D881F7F009EC5D3 /* FBDelegate.swift */; };
		BC166E101D881FAA009EC5D3 /* FBArray.swift in Sources */ = {isa = PBXBuildFile; fileRef = BC166E0E1D881FAA009EC5D3 /* FBArray.swift */; };
		BC166E111D881FAA009EC5D3 /* FBCollectionViewDataSource.swift in Sources */ = {isa = PBXBuildFile; fileRef = BC166E0F1D881FAA009EC5D3 /* FBCollectionViewDataSource.swift */; };
		BC166E1A1D8829B9009EC5D3 /* HorseSummaryCell.swift in Sources */ = {isa = PBXBuildFile; fileRef = BC166E131D8829B9009EC5D3 /* HorseSummaryCell.swift */; };
		BC166E1B1D8829B9009EC5D3 /* HorseSummaryCell.xib in Resources */ = {isa = PBXBuildFile; fileRef = BC166E141D8829B9009EC5D3 /* HorseSummaryCell.xib */; };
		BC166E1C1D8829B9009EC5D3 /* RaceCell.swift in Sources */ = {isa = PBXBuildFile; fileRef = BC166E151D8829B9009EC5D3 /* RaceCell.swift */; };
		BC166E1D1D8829B9009EC5D3 /* RunnerDetailCell.swift in Sources */ = {isa = PBXBuildFile; fileRef = BC166E161D8829B9009EC5D3 /* RunnerDetailCell.swift */; };
		BC166E1E1D8829B9009EC5D3 /* RunnerFormCell.swift in Sources */ = {isa = PBXBuildFile; fileRef = BC166E171D8829B9009EC5D3 /* RunnerFormCell.swift */; };
		BC166E1F1D8829B9009EC5D3 /* TipCell.swift in Sources */ = {isa = PBXBuildFile; fileRef = BC166E181D8829B9009EC5D3 /* TipCell.swift */; };
		BC166E201D8829B9009EC5D3 /* TipCell.xib in Resources */ = {isa = PBXBuildFile; fileRef = BC166E191D8829B9009EC5D3 /* TipCell.xib */; };
		BC166E281D882B1C009EC5D3 /* bg.png in Resources */ = {isa = PBXBuildFile; fileRef = BC166E221D882B1C009EC5D3 /* bg.png */; };
		BC166E291D882B1C009EC5D3 /* GameScene.sks in Resources */ = {isa = PBXBuildFile; fileRef = BC166E231D882B1C009EC5D3 /* GameScene.sks */; };
		BC166E2A1D882B1C009EC5D3 /* GameScene.swift in Sources */ = {isa = PBXBuildFile; fileRef = BC166E241D882B1C009EC5D3 /* GameScene.swift */; };
		BC166E2B1D882B1C009EC5D3 /* Horse1.atlas in Resources */ = {isa = PBXBuildFile; fileRef = BC166E251D882B1C009EC5D3 /* Horse1.atlas */; };
		BC166E2C1D882B1C009EC5D3 /* Predictor.storyboard in Resources */ = {isa = PBXBuildFile; fileRef = BC166E261D882B1C009EC5D3 /* Predictor.storyboard */; };
		BC166E2D1D882B1C009EC5D3 /* PredictorViewController.swift in Sources */ = {isa = PBXBuildFile; fileRef = BC166E271D882B1C009EC5D3 /* PredictorViewController.swift */; };
		BC166E2F1D882B77009EC5D3 /* Images.xcassets in Resources */ = {isa = PBXBuildFile; fileRef = BC166E2E1D882B77009EC5D3 /* Images.xcassets */; };
		BC166E351D882C36009EC5D3 /* DIDatepicker.m in Sources */ = {isa = PBXBuildFile; fileRef = BC166E321D882C36009EC5D3 /* DIDatepicker.m */; };
		BC166E361D882C36009EC5D3 /* DIDatepickerDateView.m in Sources */ = {isa = PBXBuildFile; fileRef = BC166E341D882C36009EC5D3 /* DIDatepickerDateView.m */; };
		BC166E411D882CB9009EC5D3 /* CompositeTableViewDataSource.swift in Sources */ = {isa = PBXBuildFile; fileRef = BC166E381D882CB9009EC5D3 /* CompositeTableViewDataSource.swift */; };
		BC166E421D882CB9009EC5D3 /* FBRaceTableViewController.swift in Sources */ = {isa = PBXBuildFile; fileRef = BC166E391D882CB9009EC5D3 /* FBRaceTableViewController.swift */; };
		BC166E431D882CB9009EC5D3 /* LRRunnerTableViewController.swift in Sources */ = {isa = PBXBuildFile; fileRef = BC166E3A1D882CB9009EC5D3 /* LRRunnerTableViewController.swift */; };
		BC166E441D882CB9009EC5D3 /* LRSectionHeader.swift in Sources */ = {isa = PBXBuildFile; fileRef = BC166E3B1D882CB9009EC5D3 /* LRSectionHeader.swift */; };
		BC166E451D882CB9009EC5D3 /* ObjectFactory.m in Sources */ = {isa = PBXBuildFile; fileRef = BC166E3D1D882CB9009EC5D3 /* ObjectFactory.m */; };
		BC166E461D882CB9009EC5D3 /* PageRacesViewController.swift in Sources */ = {isa = PBXBuildFile; fileRef = BC166E3E1D882CB9009EC5D3 /* PageRacesViewController.swift */; };
		BC166E471D882CB9009EC5D3 /* Racecard.storyboard in Resources */ = {isa = PBXBuildFile; fileRef = BC166E3F1D882CB9009EC5D3 /* Racecard.storyboard */; };
		BC166E481D882CB9009EC5D3 /* RunnerDetailTableViewController.swift in Sources */ = {isa = PBXBuildFile; fileRef = BC166E401D882CB9009EC5D3 /* RunnerDetailTableViewController.swift */; };
		BC166E4D1D883119009EC5D3 /* ListowelRaces.plist in Resources */ = {isa = PBXBuildFile; fileRef = BC166E4C1D883119009EC5D3 /* ListowelRaces.plist */; };
		BC166E531D887D40009EC5D3 /* Login.storyboard in Resources */ = {isa = PBXBuildFile; fileRef = BC166E521D887D40009EC5D3 /* Login.storyboard */; };
		BC166E551D887EC4009EC5D3 /* LoginViewController.swift in Sources */ = {isa = PBXBuildFile; fileRef = BC166E541D887EC4009EC5D3 /* LoginViewController.swift */; };
		BC166E571D8897EB009EC5D3 /* ExceptionTypes.swift in Sources */ = {isa = PBXBuildFile; fileRef = BC166E561D8897EB009EC5D3 /* ExceptionTypes.swift */; };
		BC2E4CBD1D88193C00376D95 /* AppDelegate.swift in Sources */ = {isa = PBXBuildFile; fileRef = BC2E4CBC1D88193C00376D95 /* AppDelegate.swift */; };
		BC2E4CC41D88193C00376D95 /* Main.storyboard in Resources */ = {isa = PBXBuildFile; fileRef = BC2E4CC21D88193C00376D95 /* Main.storyboard */; };
		BC2E4CC91D88193C00376D95 /* LaunchScreen.storyboard in Resources */ = {isa = PBXBuildFile; fileRef = BC2E4CC71D88193C00376D95 /* LaunchScreen.storyboard */; };
		BCADE8DA1DA8025E001B7DB2 /* BestDressedEntry.swift in Sources */ = {isa = PBXBuildFile; fileRef = BCADE8D91DA8025E001B7DB2 /* BestDressedEntry.swift */; };
		BCADE8DC1DA956AF001B7DB2 /* MainViewController.swift in Sources */ = {isa = PBXBuildFile; fileRef = BCADE8DB1DA956AF001B7DB2 /* MainViewController.swift */; };
		BCB912F31D9325860069DCA9 /* BestDressedCollectionViewController.swift in Sources */ = {isa = PBXBuildFile; fileRef = BCB912F01D9325860069DCA9 /* BestDressedCollectionViewController.swift */; };
		BCB912F51D9325860069DCA9 /* PicCollectionViewCell.swift in Sources */ = {isa = PBXBuildFile; fileRef = BCB912F21D9325860069DCA9 /* PicCollectionViewCell.swift */; };
		BCB912F71D9325CE0069DCA9 /* BestDressed.storyboard in Resources */ = {isa = PBXBuildFile; fileRef = BCB912F61D9325CE0069DCA9 /* BestDressed.storyboard */; };
		BCB913011D9342210069DCA9 /* LocalInfoDetailController.swift in Sources */ = {isa = PBXBuildFile; fileRef = BCB912F91D9342210069DCA9 /* LocalInfoDetailController.swift */; };
		BCB913021D9342210069DCA9 /* LocalInfoFormViewController.swift in Sources */ = {isa = PBXBuildFile; fileRef = BCB912FA1D9342210069DCA9 /* LocalInfoFormViewController.swift */; };
		BCB913031D9342210069DCA9 /* LocalInfoSelector.swift in Sources */ = {isa = PBXBuildFile; fileRef = BCB912FB1D9342210069DCA9 /* LocalInfoSelector.swift */; };
		BCB913041D9342210069DCA9 /* LocalInfoTableViewController.swift in Sources */ = {isa = PBXBuildFile; fileRef = BCB912FC1D9342210069DCA9 /* LocalInfoTableViewController.swift */; };
		BCB913051D9342210069DCA9 /* LocationRow.swift in Sources */ = {isa = PBXBuildFile; fileRef = BCB912FD1D9342210069DCA9 /* LocationRow.swift */; };
		BCB913061D9342210069DCA9 /* LRMapView.swift in Sources */ = {isa = PBXBuildFile; fileRef = BCB912FE1D9342210069DCA9 /* LRMapView.swift */; };
		BCB913071D9342210069DCA9 /* MapViewController.swift in Sources */ = {isa = PBXBuildFile; fileRef = BCB912FF1D9342210069DCA9 /* MapViewController.swift */; };
		BCB913081D9342210069DCA9 /* SegmentViewController.swift in Sources */ = {isa = PBXBuildFile; fileRef = BCB913001D9342210069DCA9 /* SegmentViewController.swift */; };
		BCB9130A1D9342700069DCA9 /* LocalInfo.storyboard in Resources */ = {isa = PBXBuildFile; fileRef = BCB913091D9342700069DCA9 /* LocalInfo.storyboard */; };
		BCB9130F1D93448C0069DCA9 /* ChatViewController.swift in Sources */ = {isa = PBXBuildFile; fileRef = BCB9130E1D93448C0069DCA9 /* ChatViewController.swift */; };
		BCB913111D93449E0069DCA9 /* Chat.storyboard in Resources */ = {isa = PBXBuildFile; fileRef = BCB913101D93449E0069DCA9 /* Chat.storyboard */; };
		BCB913131D9348940069DCA9 /* ChatInitialViewController.swift in Sources */ = {isa = PBXBuildFile; fileRef = BCB913121D9348940069DCA9 /* ChatInitialViewController.swift */; };
		BCB913221D9B18B00069DCA9 /* SplashView.swift in Sources */ = {isa = PBXBuildFile; fileRef = BCB913211D9B18B00069DCA9 /* SplashView.swift */; };
		BCB9132A1D9C7E580069DCA9 /* AromaNo2LTW01-ExtraBold.ttf in Resources */ = {isa = PBXBuildFile; fileRef = BCB913291D9C7DC60069DCA9 /* AromaNo2LTW01-ExtraBold.ttf */; };
		BCB9132C1D9D6CC20069DCA9 /* UISettings.swift in Sources */ = {isa = PBXBuildFile; fileRef = BCB9132B1D9D6CC20069DCA9 /* UISettings.swift */; };
		BCE6E45E1D88CD0D00949A56 /* Horse2.atlas in Resources */ = {isa = PBXBuildFile; fileRef = BCE6E45D1D88CD0D00949A56 /* Horse2.atlas */; };
		BCE6E4611D88CD2D00949A56 /* Horse4.atlas in Resources */ = {isa = PBXBuildFile; fileRef = BCE6E45F1D88CD2D00949A56 /* Horse4.atlas */; };
		BCE6E4621D88CD2D00949A56 /* Horse3.atlas in Resources */ = {isa = PBXBuildFile; fileRef = BCE6E4601D88CD2D00949A56 /* Horse3.atlas */; };
		BCE6E4641D88CFA500949A56 /* HorseSprite.swift in Sources */ = {isa = PBXBuildFile; fileRef = BCE6E4631D88CFA500949A56 /* HorseSprite.swift */; };
		BCE6E4681D89C7B700949A56 /* ListowelBackground.png in Resources */ = {isa = PBXBuildFile; fileRef = BCE6E4671D89C7B700949A56 /* ListowelBackground.png */; };
		BCEFDBDF1D9DD32000284036 /* TabBarControllerDelegate.swift in Sources */ = {isa = PBXBuildFile; fileRef = BCEFDBDE1D9DD32000284036 /* TabBarControllerDelegate.swift */; };
		BCF405451DCBF9DD000B4F47 /* Friend.swift in Sources */ = {isa = PBXBuildFile; fileRef = BCF405441DCBF9DD000B4F47 /* Friend.swift */; };
		BCFB5A911DB58E30003F4F07 /* MapKit.framework in Frameworks */ = {isa = PBXBuildFile; fileRef = BCFB5A901DB58E30003F4F07 /* MapKit.framework */; };
		FD2689815BB9F95794F52E79 /* Pods_ListowelRaces.framework in Frameworks */ = {isa = PBXBuildFile; fileRef = BBBC3804371887833199B047 /* Pods_ListowelRaces.framework */; };
/* End PBXBuildFile section */

/* Begin PBXFileReference section */
		12F1160F587CB904E27F1383 /* Pods-ListowelRaces.release.xcconfig */ = {isa = PBXFileReference; includeInIndex = 1; lastKnownFileType = text.xcconfig; name = "Pods-ListowelRaces.release.xcconfig"; path = "Pods/Target Support Files/Pods-ListowelRaces/Pods-ListowelRaces.release.xcconfig"; sourceTree = "<group>"; };
		1E77A4BA1CE21E9AB313D0E5 /* Pods-ListowelRaces.debug.xcconfig */ = {isa = PBXFileReference; includeInIndex = 1; lastKnownFileType = text.xcconfig; name = "Pods-ListowelRaces.debug.xcconfig"; path = "Pods/Target Support Files/Pods-ListowelRaces/Pods-ListowelRaces.debug.xcconfig"; sourceTree = "<group>"; };
		BBBC3804371887833199B047 /* Pods_ListowelRaces.framework */ = {isa = PBXFileReference; explicitFileType = wrapper.framework; includeInIndex = 0; path = Pods_ListowelRaces.framework; sourceTree = BUILT_PRODUCTS_DIR; };
		BC166DDA1D881E58009EC5D3 /* GoogleService-Info.plist */ = {isa = PBXFileReference; fileEncoding = 4; lastKnownFileType = text.plist.xml; path = "GoogleService-Info.plist"; sourceTree = "<group>"; };
		BC166DDE1D881EFE009EC5D3 /* Extensions.swift */ = {isa = PBXFileReference; fileEncoding = 4; lastKnownFileType = sourcecode.swift; path = Extensions.swift; sourceTree = "<group>"; };
		BC166DE11D881EFE009EC5D3 /* Form.swift */ = {isa = PBXFileReference; fileEncoding = 4; lastKnownFileType = sourcecode.swift; path = Form.swift; sourceTree = "<group>"; };
		BC166DE41D881EFE009EC5D3 /* LocalInfoEntry.swift */ = {isa = PBXFileReference; fileEncoding = 4; lastKnownFileType = sourcecode.swift; path = LocalInfoEntry.swift; sourceTree = "<group>"; };
		BC166DE61D881EFE009EC5D3 /* Race.swift */ = {isa = PBXFileReference; fileEncoding = 4; lastKnownFileType = sourcecode.swift; path = Race.swift; sourceTree = "<group>"; };
		BC166DE91D881EFE009EC5D3 /* Runner.swift */ = {isa = PBXFileReference; fileEncoding = 4; lastKnownFileType = sourcecode.swift; path = Runner.swift; sourceTree = "<group>"; };
		BC166DEA1D881EFE009EC5D3 /* Tip.swift */ = {isa = PBXFileReference; fileEncoding = 4; lastKnownFileType = sourcecode.swift; path = Tip.swift; sourceTree = "<group>"; };
		BC166DF91D881F1F009EC5D3 /* FBTableViewDataSource.swift */ = {isa = PBXFileReference; fileEncoding = 4; lastKnownFileType = sourcecode.swift; path = FBTableViewDataSource.swift; sourceTree = "<group>"; };
		BC166DFF1D881F1F009EC5D3 /* ImageUpload.swift */ = {isa = PBXFileReference; fileEncoding = 4; lastKnownFileType = sourcecode.swift; path = ImageUpload.swift; sourceTree = "<group>"; };
		BC166E031D881F1F009EC5D3 /* ObjectContext.swift */ = {isa = PBXFileReference; fileEncoding = 4; lastKnownFileType = sourcecode.swift; path = ObjectContext.swift; sourceTree = "<group>"; };
		BC166E0C1D881F7F009EC5D3 /* FBDelegate.swift */ = {isa = PBXFileReference; fileEncoding = 4; lastKnownFileType = sourcecode.swift; path = FBDelegate.swift; sourceTree = "<group>"; };
		BC166E0E1D881FAA009EC5D3 /* FBArray.swift */ = {isa = PBXFileReference; fileEncoding = 4; lastKnownFileType = sourcecode.swift; path = FBArray.swift; sourceTree = "<group>"; };
		BC166E0F1D881FAA009EC5D3 /* FBCollectionViewDataSource.swift */ = {isa = PBXFileReference; fileEncoding = 4; lastKnownFileType = sourcecode.swift; path = FBCollectionViewDataSource.swift; sourceTree = "<group>"; };
		BC166E131D8829B9009EC5D3 /* HorseSummaryCell.swift */ = {isa = PBXFileReference; fileEncoding = 4; lastKnownFileType = sourcecode.swift; path = HorseSummaryCell.swift; sourceTree = "<group>"; };
		BC166E141D8829B9009EC5D3 /* HorseSummaryCell.xib */ = {isa = PBXFileReference; fileEncoding = 4; lastKnownFileType = file.xib; path = HorseSummaryCell.xib; sourceTree = "<group>"; };
		BC166E151D8829B9009EC5D3 /* RaceCell.swift */ = {isa = PBXFileReference; fileEncoding = 4; lastKnownFileType = sourcecode.swift; path = RaceCell.swift; sourceTree = "<group>"; };
		BC166E161D8829B9009EC5D3 /* RunnerDetailCell.swift */ = {isa = PBXFileReference; fileEncoding = 4; lastKnownFileType = sourcecode.swift; path = RunnerDetailCell.swift; sourceTree = "<group>"; };
		BC166E171D8829B9009EC5D3 /* RunnerFormCell.swift */ = {isa = PBXFileReference; fileEncoding = 4; lastKnownFileType = sourcecode.swift; path = RunnerFormCell.swift; sourceTree = "<group>"; };
		BC166E181D8829B9009EC5D3 /* TipCell.swift */ = {isa = PBXFileReference; fileEncoding = 4; lastKnownFileType = sourcecode.swift; path = TipCell.swift; sourceTree = "<group>"; };
		BC166E191D8829B9009EC5D3 /* TipCell.xib */ = {isa = PBXFileReference; fileEncoding = 4; lastKnownFileType = file.xib; path = TipCell.xib; sourceTree = "<group>"; };
		BC166E221D882B1C009EC5D3 /* bg.png */ = {isa = PBXFileReference; lastKnownFileType = image.png; path = bg.png; sourceTree = "<group>"; };
		BC166E231D882B1C009EC5D3 /* GameScene.sks */ = {isa = PBXFileReference; lastKnownFileType = file.sks; path = GameScene.sks; sourceTree = "<group>"; };
		BC166E241D882B1C009EC5D3 /* GameScene.swift */ = {isa = PBXFileReference; fileEncoding = 4; lastKnownFileType = sourcecode.swift; path = GameScene.swift; sourceTree = "<group>"; };
		BC166E251D882B1C009EC5D3 /* Horse1.atlas */ = {isa = PBXFileReference; lastKnownFileType = folder.skatlas; path = Horse1.atlas; sourceTree = "<group>"; };
		BC166E261D882B1C009EC5D3 /* Predictor.storyboard */ = {isa = PBXFileReference; fileEncoding = 4; lastKnownFileType = file.storyboard; path = Predictor.storyboard; sourceTree = "<group>"; };
		BC166E271D882B1C009EC5D3 /* PredictorViewController.swift */ = {isa = PBXFileReference; fileEncoding = 4; lastKnownFileType = sourcecode.swift; path = PredictorViewController.swift; sourceTree = "<group>"; };
		BC166E2E1D882B77009EC5D3 /* Images.xcassets */ = {isa = PBXFileReference; lastKnownFileType = folder.assetcatalog; path = Images.xcassets; sourceTree = "<group>"; };
		BC166E301D882C35009EC5D3 /* ListowelRaces-Bridging-Header.h */ = {isa = PBXFileReference; lastKnownFileType = sourcecode.c.h; path = "ListowelRaces-Bridging-Header.h"; sourceTree = "<group>"; };
		BC166E311D882C36009EC5D3 /* DIDatepicker.h */ = {isa = PBXFileReference; fileEncoding = 4; lastKnownFileType = sourcecode.c.h; path = DIDatepicker.h; sourceTree = "<group>"; };
		BC166E321D882C36009EC5D3 /* DIDatepicker.m */ = {isa = PBXFileReference; fileEncoding = 4; lastKnownFileType = sourcecode.c.objc; path = DIDatepicker.m; sourceTree = "<group>"; };
		BC166E331D882C36009EC5D3 /* DIDatepickerDateView.h */ = {isa = PBXFileReference; fileEncoding = 4; lastKnownFileType = sourcecode.c.h; path = DIDatepickerDateView.h; sourceTree = "<group>"; };
		BC166E341D882C36009EC5D3 /* DIDatepickerDateView.m */ = {isa = PBXFileReference; fileEncoding = 4; lastKnownFileType = sourcecode.c.objc; path = DIDatepickerDateView.m; sourceTree = "<group>"; };
		BC166E381D882CB9009EC5D3 /* CompositeTableViewDataSource.swift */ = {isa = PBXFileReference; fileEncoding = 4; lastKnownFileType = sourcecode.swift; path = CompositeTableViewDataSource.swift; sourceTree = "<group>"; };
		BC166E391D882CB9009EC5D3 /* FBRaceTableViewController.swift */ = {isa = PBXFileReference; fileEncoding = 4; lastKnownFileType = sourcecode.swift; path = FBRaceTableViewController.swift; sourceTree = "<group>"; };
		BC166E3A1D882CB9009EC5D3 /* LRRunnerTableViewController.swift */ = {isa = PBXFileReference; fileEncoding = 4; lastKnownFileType = sourcecode.swift; path = LRRunnerTableViewController.swift; sourceTree = "<group>"; };
		BC166E3B1D882CB9009EC5D3 /* LRSectionHeader.swift */ = {isa = PBXFileReference; fileEncoding = 4; lastKnownFileType = sourcecode.swift; path = LRSectionHeader.swift; sourceTree = "<group>"; };
		BC166E3C1D882CB9009EC5D3 /* ObjectFactory.h */ = {isa = PBXFileReference; fileEncoding = 4; lastKnownFileType = sourcecode.c.h; path = ObjectFactory.h; sourceTree = "<group>"; };
		BC166E3D1D882CB9009EC5D3 /* ObjectFactory.m */ = {isa = PBXFileReference; fileEncoding = 4; lastKnownFileType = sourcecode.c.objc; path = ObjectFactory.m; sourceTree = "<group>"; };
		BC166E3E1D882CB9009EC5D3 /* PageRacesViewController.swift */ = {isa = PBXFileReference; fileEncoding = 4; lastKnownFileType = sourcecode.swift; path = PageRacesViewController.swift; sourceTree = "<group>"; };
		BC166E3F1D882CB9009EC5D3 /* Racecard.storyboard */ = {isa = PBXFileReference; fileEncoding = 4; lastKnownFileType = file.storyboard; path = Racecard.storyboard; sourceTree = "<group>"; };
		BC166E401D882CB9009EC5D3 /* RunnerDetailTableViewController.swift */ = {isa = PBXFileReference; fileEncoding = 4; lastKnownFileType = sourcecode.swift; path = RunnerDetailTableViewController.swift; sourceTree = "<group>"; };
		BC166E4C1D883119009EC5D3 /* ListowelRaces.plist */ = {isa = PBXFileReference; fileEncoding = 4; lastKnownFileType = text.plist.xml; path = ListowelRaces.plist; sourceTree = "<group>"; };
		BC166E521D887D40009EC5D3 /* Login.storyboard */ = {isa = PBXFileReference; fileEncoding = 4; lastKnownFileType = file.storyboard; path = Login.storyboard; sourceTree = "<group>"; };
		BC166E541D887EC4009EC5D3 /* LoginViewController.swift */ = {isa = PBXFileReference; fileEncoding = 4; lastKnownFileType = sourcecode.swift; path = LoginViewController.swift; sourceTree = "<group>"; };
		BC166E561D8897EB009EC5D3 /* ExceptionTypes.swift */ = {isa = PBXFileReference; fileEncoding = 4; lastKnownFileType = sourcecode.swift; path = ExceptionTypes.swift; sourceTree = "<group>"; };
		BC2E4CB91D88193C00376D95 /* ListowelRaces.app */ = {isa = PBXFileReference; explicitFileType = wrapper.application; includeInIndex = 0; path = ListowelRaces.app; sourceTree = BUILT_PRODUCTS_DIR; };
		BC2E4CBC1D88193C00376D95 /* AppDelegate.swift */ = {isa = PBXFileReference; lastKnownFileType = sourcecode.swift; path = AppDelegate.swift; sourceTree = "<group>"; };
		BC2E4CC31D88193C00376D95 /* Base */ = {isa = PBXFileReference; lastKnownFileType = file.storyboard; name = Base; path = Base.lproj/Main.storyboard; sourceTree = "<group>"; };
		BC2E4CC81D88193C00376D95 /* Base */ = {isa = PBXFileReference; lastKnownFileType = file.storyboard; name = Base; path = Base.lproj/LaunchScreen.storyboard; sourceTree = "<group>"; };
		BC2E4CCA1D88193C00376D95 /* Info.plist */ = {isa = PBXFileReference; lastKnownFileType = text.plist.xml; path = Info.plist; sourceTree = "<group>"; };
		BCADE8D91DA8025E001B7DB2 /* BestDressedEntry.swift */ = {isa = PBXFileReference; fileEncoding = 4; lastKnownFileType = sourcecode.swift; path = BestDressedEntry.swift; sourceTree = "<group>"; };
		BCADE8DB1DA956AF001B7DB2 /* MainViewController.swift */ = {isa = PBXFileReference; fileEncoding = 4; lastKnownFileType = sourcecode.swift; path = MainViewController.swift; sourceTree = "<group>"; };
		BCB912F01D9325860069DCA9 /* BestDressedCollectionViewController.swift */ = {isa = PBXFileReference; fileEncoding = 4; lastKnownFileType = sourcecode.swift; path = BestDressedCollectionViewController.swift; sourceTree = "<group>"; };
		BCB912F21D9325860069DCA9 /* PicCollectionViewCell.swift */ = {isa = PBXFileReference; fileEncoding = 4; lastKnownFileType = sourcecode.swift; path = PicCollectionViewCell.swift; sourceTree = "<group>"; };
		BCB912F61D9325CE0069DCA9 /* BestDressed.storyboard */ = {isa = PBXFileReference; fileEncoding = 4; lastKnownFileType = file.storyboard; path = BestDressed.storyboard; sourceTree = "<group>"; };
		BCB912F91D9342210069DCA9 /* LocalInfoDetailController.swift */ = {isa = PBXFileReference; fileEncoding = 4; lastKnownFileType = sourcecode.swift; path = LocalInfoDetailController.swift; sourceTree = "<group>"; };
		BCB912FA1D9342210069DCA9 /* LocalInfoFormViewController.swift */ = {isa = PBXFileReference; fileEncoding = 4; lastKnownFileType = sourcecode.swift; path = LocalInfoFormViewController.swift; sourceTree = "<group>"; };
		BCB912FB1D9342210069DCA9 /* LocalInfoSelector.swift */ = {isa = PBXFileReference; fileEncoding = 4; lastKnownFileType = sourcecode.swift; path = LocalInfoSelector.swift; sourceTree = "<group>"; };
		BCB912FC1D9342210069DCA9 /* LocalInfoTableViewController.swift */ = {isa = PBXFileReference; fileEncoding = 4; lastKnownFileType = sourcecode.swift; path = LocalInfoTableViewController.swift; sourceTree = "<group>"; };
		BCB912FD1D9342210069DCA9 /* LocationRow.swift */ = {isa = PBXFileReference; fileEncoding = 4; lastKnownFileType = sourcecode.swift; path = LocationRow.swift; sourceTree = "<group>"; };
		BCB912FE1D9342210069DCA9 /* LRMapView.swift */ = {isa = PBXFileReference; fileEncoding = 4; lastKnownFileType = sourcecode.swift; path = LRMapView.swift; sourceTree = "<group>"; };
		BCB912FF1D9342210069DCA9 /* MapViewController.swift */ = {isa = PBXFileReference; fileEncoding = 4; lastKnownFileType = sourcecode.swift; path = MapViewController.swift; sourceTree = "<group>"; };
		BCB913001D9342210069DCA9 /* SegmentViewController.swift */ = {isa = PBXFileReference; fileEncoding = 4; lastKnownFileType = sourcecode.swift; path = SegmentViewController.swift; sourceTree = "<group>"; };
		BCB913091D9342700069DCA9 /* LocalInfo.storyboard */ = {isa = PBXFileReference; fileEncoding = 4; lastKnownFileType = file.storyboard; path = LocalInfo.storyboard; sourceTree = "<group>"; };
		BCB9130E1D93448C0069DCA9 /* ChatViewController.swift */ = {isa = PBXFileReference; fileEncoding = 4; lastKnownFileType = sourcecode.swift; path = ChatViewController.swift; sourceTree = "<group>"; };
		BCB913101D93449E0069DCA9 /* Chat.storyboard */ = {isa = PBXFileReference; fileEncoding = 4; lastKnownFileType = file.storyboard; path = Chat.storyboard; sourceTree = "<group>"; };
		BCB913121D9348940069DCA9 /* ChatInitialViewController.swift */ = {isa = PBXFileReference; fileEncoding = 4; lastKnownFileType = sourcecode.swift; path = ChatInitialViewController.swift; sourceTree = "<group>"; };
		BCB913211D9B18B00069DCA9 /* SplashView.swift */ = {isa = PBXFileReference; fileEncoding = 4; lastKnownFileType = sourcecode.swift; path = SplashView.swift; sourceTree = "<group>"; };
		BCB913291D9C7DC60069DCA9 /* AromaNo2LTW01-ExtraBold.ttf */ = {isa = PBXFileReference; lastKnownFileType = file; path = "AromaNo2LTW01-ExtraBold.ttf"; sourceTree = "<group>"; };
		BCB9132B1D9D6CC20069DCA9 /* UISettings.swift */ = {isa = PBXFileReference; fileEncoding = 4; lastKnownFileType = sourcecode.swift; path = UISettings.swift; sourceTree = "<group>"; };
		BCE6E45D1D88CD0D00949A56 /* Horse2.atlas */ = {isa = PBXFileReference; lastKnownFileType = folder.skatlas; path = Horse2.atlas; sourceTree = "<group>"; };
		BCE6E45F1D88CD2D00949A56 /* Horse4.atlas */ = {isa = PBXFileReference; lastKnownFileType = folder.skatlas; path = Horse4.atlas; sourceTree = "<group>"; };
		BCE6E4601D88CD2D00949A56 /* Horse3.atlas */ = {isa = PBXFileReference; lastKnownFileType = folder.skatlas; path = Horse3.atlas; sourceTree = "<group>"; };
		BCE6E4631D88CFA500949A56 /* HorseSprite.swift */ = {isa = PBXFileReference; fileEncoding = 4; lastKnownFileType = sourcecode.swift; path = HorseSprite.swift; sourceTree = "<group>"; };
		BCE6E4671D89C7B700949A56 /* ListowelBackground.png */ = {isa = PBXFileReference; lastKnownFileType = image.png; path = ListowelBackground.png; sourceTree = "<group>"; };
		BCEFDBDE1D9DD32000284036 /* TabBarControllerDelegate.swift */ = {isa = PBXFileReference; fileEncoding = 4; lastKnownFileType = sourcecode.swift; path = TabBarControllerDelegate.swift; sourceTree = "<group>"; };
		BCF405441DCBF9DD000B4F47 /* Friend.swift */ = {isa = PBXFileReference; fileEncoding = 4; lastKnownFileType = sourcecode.swift; path = Friend.swift; sourceTree = "<group>"; };
		BCFB5A8F1DB58E24003F4F07 /* ListowelRaces.entitlements */ = {isa = PBXFileReference; lastKnownFileType = text.plist.entitlements; path = ListowelRaces.entitlements; sourceTree = "<group>"; };
		BCFB5A901DB58E30003F4F07 /* MapKit.framework */ = {isa = PBXFileReference; lastKnownFileType = wrapper.framework; name = MapKit.framework; path = System/Library/Frameworks/MapKit.framework; sourceTree = SDKROOT; };
/* End PBXFileReference section */

/* Begin PBXFrameworksBuildPhase section */
		BC2E4CB61D88193C00376D95 /* Frameworks */ = {
			isa = PBXFrameworksBuildPhase;
			buildActionMask = 2147483647;
			files = (
				BCFB5A911DB58E30003F4F07 /* MapKit.framework in Frameworks */,
				FD2689815BB9F95794F52E79 /* Pods_ListowelRaces.framework in Frameworks */,
			);
			runOnlyForDeploymentPostprocessing = 0;
		};
/* End PBXFrameworksBuildPhase section */

/* Begin PBXGroup section */
		0A89EC4729E4FC41C41FDD84 /* Frameworks */ = {
			isa = PBXGroup;
			children = (
				BCFB5A901DB58E30003F4F07 /* MapKit.framework */,
				BBBC3804371887833199B047 /* Pods_ListowelRaces.framework */,
			);
			name = Frameworks;
			sourceTree = "<group>";
		};
		863C9D9A4448A8B38B2F6DBF /* Pods */ = {
			isa = PBXGroup;
			children = (
				1E77A4BA1CE21E9AB313D0E5 /* Pods-ListowelRaces.debug.xcconfig */,
				12F1160F587CB904E27F1383 /* Pods-ListowelRaces.release.xcconfig */,
			);
			name = Pods;
			sourceTree = "<group>";
		};
		BC166DDC1D881EFE009EC5D3 /* Model */ = {
			isa = PBXGroup;
			children = (
				BCADE8D91DA8025E001B7DB2 /* BestDressedEntry.swift */,
				BC166DDE1D881EFE009EC5D3 /* Extensions.swift */,
				BC166DE11D881EFE009EC5D3 /* Form.swift */,
				BC166DE41D881EFE009EC5D3 /* LocalInfoEntry.swift */,
				BC166DE61D881EFE009EC5D3 /* Race.swift */,
				BC166DE91D881EFE009EC5D3 /* Runner.swift */,
				BC166DEA1D881EFE009EC5D3 /* Tip.swift */,
				BCF405441DCBF9DD000B4F47 /* Friend.swift */,
			);
			path = Model;
			sourceTree = "<group>";
		};
		BC166DF81D881F1F009EC5D3 /* Core */ = {
			isa = PBXGroup;
			children = (
				BC166E0E1D881FAA009EC5D3 /* FBArray.swift */,
				BC166E0F1D881FAA009EC5D3 /* FBCollectionViewDataSource.swift */,
				BC166E0C1D881F7F009EC5D3 /* FBDelegate.swift */,
				BC166DF91D881F1F009EC5D3 /* FBTableViewDataSource.swift */,
				BC166DFF1D881F1F009EC5D3 /* ImageUpload.swift */,
				BC166E031D881F1F009EC5D3 /* ObjectContext.swift */,
				BC166E561D8897EB009EC5D3 /* ExceptionTypes.swift */,
				BCB9132B1D9D6CC20069DCA9 /* UISettings.swift */,
			);
			path = Core;
			sourceTree = "<group>";
		};
		BC166E121D8829B9009EC5D3 /* PrototypeCells */ = {
			isa = PBXGroup;
			children = (
				BC166E131D8829B9009EC5D3 /* HorseSummaryCell.swift */,
				BC166E141D8829B9009EC5D3 /* HorseSummaryCell.xib */,
				BC166E151D8829B9009EC5D3 /* RaceCell.swift */,
				BC166E161D8829B9009EC5D3 /* RunnerDetailCell.swift */,
				BC166E171D8829B9009EC5D3 /* RunnerFormCell.swift */,
				BC166E181D8829B9009EC5D3 /* TipCell.swift */,
				BC166E191D8829B9009EC5D3 /* TipCell.xib */,
			);
			path = PrototypeCells;
			sourceTree = "<group>";
		};
		BC166E211D882B1C009EC5D3 /* Predictor */ = {
			isa = PBXGroup;
			children = (
				BCE6E4671D89C7B700949A56 /* ListowelBackground.png */,
				BCE6E45F1D88CD2D00949A56 /* Horse4.atlas */,
				BCE6E4601D88CD2D00949A56 /* Horse3.atlas */,
				BCE6E45D1D88CD0D00949A56 /* Horse2.atlas */,
				BC166E221D882B1C009EC5D3 /* bg.png */,
				BC166E231D882B1C009EC5D3 /* GameScene.sks */,
				BC166E241D882B1C009EC5D3 /* GameScene.swift */,
				BC166E251D882B1C009EC5D3 /* Horse1.atlas */,
				BC166E261D882B1C009EC5D3 /* Predictor.storyboard */,
				BC166E271D882B1C009EC5D3 /* PredictorViewController.swift */,
				BCE6E4631D88CFA500949A56 /* HorseSprite.swift */,
			);
			path = Predictor;
			sourceTree = "<group>";
		};
		BC166E371D882CB9009EC5D3 /* Racecard */ = {
			isa = PBXGroup;
			children = (
				BC166E381D882CB9009EC5D3 /* CompositeTableViewDataSource.swift */,
				BC166E391D882CB9009EC5D3 /* FBRaceTableViewController.swift */,
				BC166E3A1D882CB9009EC5D3 /* LRRunnerTableViewController.swift */,
				BC166E3B1D882CB9009EC5D3 /* LRSectionHeader.swift */,
				BC166E3C1D882CB9009EC5D3 /* ObjectFactory.h */,
				BC166E3D1D882CB9009EC5D3 /* ObjectFactory.m */,
				BC166E3E1D882CB9009EC5D3 /* PageRacesViewController.swift */,
				BC166E3F1D882CB9009EC5D3 /* Racecard.storyboard */,
				BC166E401D882CB9009EC5D3 /* RunnerDetailTableViewController.swift */,
			);
			path = Racecard;
			sourceTree = "<group>";
		};
		BC166E511D887D40009EC5D3 /* Facebook */ = {
			isa = PBXGroup;
			children = (
				BC166E521D887D40009EC5D3 /* Login.storyboard */,
				BC166E541D887EC4009EC5D3 /* LoginViewController.swift */,
			);
			path = Facebook;
			sourceTree = "<group>";
		};
		BC2E4CB01D88193C00376D95 = {
			isa = PBXGroup;
			children = (
				BC2E4CBB1D88193C00376D95 /* ListowelRaces */,
				BC2E4CBA1D88193C00376D95 /* Products */,
				863C9D9A4448A8B38B2F6DBF /* Pods */,
				0A89EC4729E4FC41C41FDD84 /* Frameworks */,
			);
			sourceTree = "<group>";
		};
		BC2E4CBA1D88193C00376D95 /* Products */ = {
			isa = PBXGroup;
			children = (
				BC2E4CB91D88193C00376D95 /* ListowelRaces.app */,
			);
			name = Products;
			sourceTree = "<group>";
		};
		BC2E4CBB1D88193C00376D95 /* ListowelRaces */ = {
			isa = PBXGroup;
			children = (
				BCFB5A8F1DB58E24003F4F07 /* ListowelRaces.entitlements */,
				BCADE8DB1DA956AF001B7DB2 /* MainViewController.swift */,
				BCB913281D9C7D9A0069DCA9 /* Supporting Files */,
				BCB9130D1D93448C0069DCA9 /* Chat */,
				BCB912F81D9342210069DCA9 /* LocalInfo */,
				BCB912EF1D9325860069DCA9 /* BestDressed */,
				BC166E511D887D40009EC5D3 /* Facebook */,
				BC166E4C1D883119009EC5D3 /* ListowelRaces.plist */,
				BC166E371D882CB9009EC5D3 /* Racecard */,
				BC166E311D882C36009EC5D3 /* DIDatepicker.h */,
				BC166E321D882C36009EC5D3 /* DIDatepicker.m */,
				BC166E331D882C36009EC5D3 /* DIDatepickerDateView.h */,
				BC166E341D882C36009EC5D3 /* DIDatepickerDateView.m */,
				BC166E211D882B1C009EC5D3 /* Predictor */,
				BC166E121D8829B9009EC5D3 /* PrototypeCells */,
				BC166DF81D881F1F009EC5D3 /* Core */,
				BC166DDC1D881EFE009EC5D3 /* Model */,
				BC166DDA1D881E58009EC5D3 /* GoogleService-Info.plist */,
				BC2E4CBC1D88193C00376D95 /* AppDelegate.swift */,
				BC166E2E1D882B77009EC5D3 /* Images.xcassets */,
				BC2E4CC21D88193C00376D95 /* Main.storyboard */,
				BC2E4CC71D88193C00376D95 /* LaunchScreen.storyboard */,
				BC2E4CCA1D88193C00376D95 /* Info.plist */,
				BC166E301D882C35009EC5D3 /* ListowelRaces-Bridging-Header.h */,
				BCB913211D9B18B00069DCA9 /* SplashView.swift */,
				BCEFDBDE1D9DD32000284036 /* TabBarControllerDelegate.swift */,
			);
			path = ListowelRaces;
			sourceTree = "<group>";
		};
		BCB912EF1D9325860069DCA9 /* BestDressed */ = {
			isa = PBXGroup;
			children = (
				BCB912F01D9325860069DCA9 /* BestDressedCollectionViewController.swift */,
				BCB912F21D9325860069DCA9 /* PicCollectionViewCell.swift */,
				BCB912F61D9325CE0069DCA9 /* BestDressed.storyboard */,
			);
			path = BestDressed;
			sourceTree = "<group>";
		};
		BCB912F81D9342210069DCA9 /* LocalInfo */ = {
			isa = PBXGroup;
			children = (
				BCB912F91D9342210069DCA9 /* LocalInfoDetailController.swift */,
				BCB912FA1D9342210069DCA9 /* LocalInfoFormViewController.swift */,
				BCB912FB1D9342210069DCA9 /* LocalInfoSelector.swift */,
				BCB912FC1D9342210069DCA9 /* LocalInfoTableViewController.swift */,
				BCB912FD1D9342210069DCA9 /* LocationRow.swift */,
				BCB912FE1D9342210069DCA9 /* LRMapView.swift */,
				BCB912FF1D9342210069DCA9 /* MapViewController.swift */,
				BCB913001D9342210069DCA9 /* SegmentViewController.swift */,
				BCB913091D9342700069DCA9 /* LocalInfo.storyboard */,
			);
			path = LocalInfo;
			sourceTree = "<group>";
		};
		BCB9130D1D93448C0069DCA9 /* Chat */ = {
			isa = PBXGroup;
			children = (
				BCB9130E1D93448C0069DCA9 /* ChatViewController.swift */,
				BCB913101D93449E0069DCA9 /* Chat.storyboard */,
				BCB913121D9348940069DCA9 /* ChatInitialViewController.swift */,
			);
			path = Chat;
			sourceTree = "<group>";
		};
		BCB913281D9C7D9A0069DCA9 /* Supporting Files */ = {
			isa = PBXGroup;
			children = (
				BCB913291D9C7DC60069DCA9 /* AromaNo2LTW01-ExtraBold.ttf */,
			);
			name = "Supporting Files";
			sourceTree = "<group>";
		};
/* End PBXGroup section */

/* Begin PBXNativeTarget section */
		BC2E4CB81D88193C00376D95 /* ListowelRaces */ = {
			isa = PBXNativeTarget;
			buildConfigurationList = BC2E4CCD1D88193C00376D95 /* Build configuration list for PBXNativeTarget "ListowelRaces" */;
			buildPhases = (
				3A64494D7F319535F6EC4D01 /* [CP] Check Pods Manifest.lock */,
				BC2E4CB51D88193C00376D95 /* Sources */,
				BC2E4CB61D88193C00376D95 /* Frameworks */,
				BC2E4CB71D88193C00376D95 /* Resources */,
				2F22466F0319B197BF7F36D5 /* [CP] Embed Pods Frameworks */,
				D2B561E577CE26AED6AD9B90 /* [CP] Copy Pods Resources */,
			);
			buildRules = (
			);
			dependencies = (
			);
			name = ListowelRaces;
			productName = ListowelRaces;
			productReference = BC2E4CB91D88193C00376D95 /* ListowelRaces.app */;
			productType = "com.apple.product-type.application";
		};
/* End PBXNativeTarget section */

/* Begin PBXProject section */
		BC2E4CB11D88193C00376D95 /* Project object */ = {
			isa = PBXProject;
			attributes = {
				LastSwiftUpdateCheck = 0730;
				LastUpgradeCheck = 0810;
				ORGANIZATIONNAME = "Jack McAuliffe";
				TargetAttributes = {
					BC2E4CB81D88193C00376D95 = {
						CreatedOnToolsVersion = 7.3;
						DevelopmentTeam = WU73TC74XQ;
						LastSwiftMigration = 0810;
						SystemCapabilities = {
							com.apple.BackgroundModes = {
								enabled = 1;
							};
							com.apple.Keychain = {
								enabled = 1;
							};
							com.apple.Maps.iOS = {
								enabled = 1;
							};
							com.apple.Push = {
								enabled = 1;
							};
						};
					};
				};
			};
			buildConfigurationList = BC2E4CB41D88193C00376D95 /* Build configuration list for PBXProject "ListowelRaces" */;
			compatibilityVersion = "Xcode 3.2";
			developmentRegion = English;
			hasScannedForEncodings = 0;
			knownRegions = (
				en,
				Base,
			);
			mainGroup = BC2E4CB01D88193C00376D95;
			productRefGroup = BC2E4CBA1D88193C00376D95 /* Products */;
			projectDirPath = "";
			projectRoot = "";
			targets = (
				BC2E4CB81D88193C00376D95 /* ListowelRaces */,
			);
		};
/* End PBXProject section */

/* Begin PBXResourcesBuildPhase section */
		BC2E4CB71D88193C00376D95 /* Resources */ = {
			isa = PBXResourcesBuildPhase;
			buildActionMask = 2147483647;
			files = (
				BCB9132A1D9C7E580069DCA9 /* AromaNo2LTW01-ExtraBold.ttf in Resources */,
				BC166E2B1D882B1C009EC5D3 /* Horse1.atlas in Resources */,
				BC2E4CC91D88193C00376D95 /* LaunchScreen.storyboard in Resources */,
				BC166E4D1D883119009EC5D3 /* ListowelRaces.plist in Resources */,
				BCB912F71D9325CE0069DCA9 /* BestDressed.storyboard in Resources */,
				BCE6E4621D88CD2D00949A56 /* Horse3.atlas in Resources */,
				BC166DDB1D881E58009EC5D3 /* GoogleService-Info.plist in Resources */,
				BC166E2C1D882B1C009EC5D3 /* Predictor.storyboard in Resources */,
				BC166E2F1D882B77009EC5D3 /* Images.xcassets in Resources */,
				BCE6E4611D88CD2D00949A56 /* Horse4.atlas in Resources */,
				BC2E4CC41D88193C00376D95 /* Main.storyboard in Resources */,
				BC166E531D887D40009EC5D3 /* Login.storyboard in Resources */,
				BCB9130A1D9342700069DCA9 /* LocalInfo.storyboard in Resources */,
				BC166E471D882CB9009EC5D3 /* Racecard.storyboard in Resources */,
				BC166E291D882B1C009EC5D3 /* GameScene.sks in Resources */,
				BCE6E45E1D88CD0D00949A56 /* Horse2.atlas in Resources */,
				BC166E281D882B1C009EC5D3 /* bg.png in Resources */,
				BC166E1B1D8829B9009EC5D3 /* HorseSummaryCell.xib in Resources */,
				BC166E201D8829B9009EC5D3 /* TipCell.xib in Resources */,
				BCB913111D93449E0069DCA9 /* Chat.storyboard in Resources */,
				BCE6E4681D89C7B700949A56 /* ListowelBackground.png in Resources */,
			);
			runOnlyForDeploymentPostprocessing = 0;
		};
/* End PBXResourcesBuildPhase section */

/* Begin PBXShellScriptBuildPhase section */
		2F22466F0319B197BF7F36D5 /* [CP] Embed Pods Frameworks */ = {
			isa = PBXShellScriptBuildPhase;
			buildActionMask = 2147483647;
			files = (
			);
			inputPaths = (
			);
			name = "[CP] Embed Pods Frameworks";
			outputPaths = (
			);
			runOnlyForDeploymentPostprocessing = 0;
			shellPath = /bin/sh;
			shellScript = "\"${SRCROOT}/Pods/Target Support Files/Pods-ListowelRaces/Pods-ListowelRaces-frameworks.sh\"\n";
			showEnvVarsInLog = 0;
		};
		3A64494D7F319535F6EC4D01 /* [CP] Check Pods Manifest.lock */ = {
			isa = PBXShellScriptBuildPhase;
			buildActionMask = 2147483647;
			files = (
			);
			inputPaths = (
			);
			name = "[CP] Check Pods Manifest.lock";
			outputPaths = (
			);
			runOnlyForDeploymentPostprocessing = 0;
			shellPath = /bin/sh;
			shellScript = "diff \"${PODS_ROOT}/../Podfile.lock\" \"${PODS_ROOT}/Manifest.lock\" > /dev/null\nif [[ $? != 0 ]] ; then\n    cat << EOM\nerror: The sandbox is not in sync with the Podfile.lock. Run 'pod install' or update your CocoaPods installation.\nEOM\n    exit 1\nfi\n";
			showEnvVarsInLog = 0;
		};
		D2B561E577CE26AED6AD9B90 /* [CP] Copy Pods Resources */ = {
			isa = PBXShellScriptBuildPhase;
			buildActionMask = 2147483647;
			files = (
			);
			inputPaths = (
			);
			name = "[CP] Copy Pods Resources";
			outputPaths = (
			);
			runOnlyForDeploymentPostprocessing = 0;
			shellPath = /bin/sh;
			shellScript = "\"${SRCROOT}/Pods/Target Support Files/Pods-ListowelRaces/Pods-ListowelRaces-resources.sh\"\n";
			showEnvVarsInLog = 0;
		};
/* End PBXShellScriptBuildPhase section */

/* Begin PBXSourcesBuildPhase section */
		BC2E4CB51D88193C00376D95 /* Sources */ = {
			isa = PBXSourcesBuildPhase;
			buildActionMask = 2147483647;
			files = (
				BCB913081D9342210069DCA9 /* SegmentViewController.swift in Sources */,
				BC166E111D881FAA009EC5D3 /* FBCollectionViewDataSource.swift in Sources */,
				BC166E0B1D881F1F009EC5D3 /* ObjectContext.swift in Sources */,
				BC166E1F1D8829B9009EC5D3 /* TipCell.swift in Sources */,
				BC166DF71D881EFE009EC5D3 /* Tip.swift in Sources */,
				BC166E451D882CB9009EC5D3 /* ObjectFactory.m in Sources */,
				BC166E081D881F1F009EC5D3 /* ImageUpload.swift in Sources */,
				BCB913041D9342210069DCA9 /* LocalInfoTableViewController.swift in Sources */,
				BCB913051D9342210069DCA9 /* LocationRow.swift in Sources */,
				BC166E1A1D8829B9009EC5D3 /* HorseSummaryCell.swift in Sources */,
				BCB913071D9342210069DCA9 /* MapViewController.swift in Sources */,
				BCB913011D9342210069DCA9 /* LocalInfoDetailController.swift in Sources */,
				BC166E431D882CB9009EC5D3 /* LRRunnerTableViewController.swift in Sources */,
				BCADE8DA1DA8025E001B7DB2 /* BestDressedEntry.swift in Sources */,
				BC166E2D1D882B1C009EC5D3 /* PredictorViewController.swift in Sources */,
				BC166E441D882CB9009EC5D3 /* LRSectionHeader.swift in Sources */,
				BC166DF21D881EFE009EC5D3 /* LocalInfoEntry.swift in Sources */,
				BCE6E4641D88CFA500949A56 /* HorseSprite.swift in Sources */,
				BC166E551D887EC4009EC5D3 /* LoginViewController.swift in Sources */,
				BCB913021D9342210069DCA9 /* LocalInfoFormViewController.swift in Sources */,
				BC166DEF1D881EFE009EC5D3 /* Form.swift in Sources */,
				BC166E571D8897EB009EC5D3 /* ExceptionTypes.swift in Sources */,
				BC166E461D882CB9009EC5D3 /* PageRacesViewController.swift in Sources */,
				BCB913221D9B18B00069DCA9 /* SplashView.swift in Sources */,
				BC166DF41D881EFE009EC5D3 /* Race.swift in Sources */,
				BC166DEC1D881EFE009EC5D3 /* Extensions.swift in Sources */,
				BC166E101D881FAA009EC5D3 /* FBArray.swift in Sources */,
				BCF405451DCBF9DD000B4F47 /* Friend.swift in Sources */,
				BC166E1D1D8829B9009EC5D3 /* RunnerDetailCell.swift in Sources */,
				BC166E421D882CB9009EC5D3 /* FBRaceTableViewController.swift in Sources */,
				BC2E4CBD1D88193C00376D95 /* AppDelegate.swift in Sources */,
				BC166DF61D881EFE009EC5D3 /* Runner.swift in Sources */,
				BC166E411D882CB9009EC5D3 /* CompositeTableViewDataSource.swift in Sources */,
				BC166E1E1D8829B9009EC5D3 /* RunnerFormCell.swift in Sources */,
				BCB9132C1D9D6CC20069DCA9 /* UISettings.swift in Sources */,
				BCB912F31D9325860069DCA9 /* BestDressedCollectionViewController.swift in Sources */,
				BC166E1C1D8829B9009EC5D3 /* RaceCell.swift in Sources */,
				BCEFDBDF1D9DD32000284036 /* TabBarControllerDelegate.swift in Sources */,
				BCB913131D9348940069DCA9 /* ChatInitialViewController.swift in Sources */,
				BCB913061D9342210069DCA9 /* LRMapView.swift in Sources */,
				BC166E0D1D881F7F009EC5D3 /* FBDelegate.swift in Sources */,
				BC166E351D882C36009EC5D3 /* DIDatepicker.m in Sources */,
				BC166E041D881F1F009EC5D3 /* FBTableViewDataSource.swift in Sources */,
				BCADE8DC1DA956AF001B7DB2 /* MainViewController.swift in Sources */,
				BCB913031D9342210069DCA9 /* LocalInfoSelector.swift in Sources */,
				BC166E481D882CB9009EC5D3 /* RunnerDetailTableViewController.swift in Sources */,
				BCB912F51D9325860069DCA9 /* PicCollectionViewCell.swift in Sources */,
				BC166E2A1D882B1C009EC5D3 /* GameScene.swift in Sources */,
				BCB9130F1D93448C0069DCA9 /* ChatViewController.swift in Sources */,
				BC166E361D882C36009EC5D3 /* DIDatepickerDateView.m in Sources */,
			);
			runOnlyForDeploymentPostprocessing = 0;
		};
/* End PBXSourcesBuildPhase section */

/* Begin PBXVariantGroup section */
		BC2E4CC21D88193C00376D95 /* Main.storyboard */ = {
			isa = PBXVariantGroup;
			children = (
				BC2E4CC31D88193C00376D95 /* Base */,
			);
			name = Main.storyboard;
			sourceTree = "<group>";
		};
		BC2E4CC71D88193C00376D95 /* LaunchScreen.storyboard */ = {
			isa = PBXVariantGroup;
			children = (
				BC2E4CC81D88193C00376D95 /* Base */,
			);
			name = LaunchScreen.storyboard;
			sourceTree = "<group>";
		};
/* End PBXVariantGroup section */

/* Begin XCBuildConfiguration section */
		BC2E4CCB1D88193C00376D95 /* Debug */ = {
			isa = XCBuildConfiguration;
			buildSettings = {
				ALWAYS_SEARCH_USER_PATHS = NO;
				CLANG_ANALYZER_NONNULL = YES;
				CLANG_CXX_LANGUAGE_STANDARD = "gnu++0x";
				CLANG_CXX_LIBRARY = "libc++";
				CLANG_ENABLE_MODULES = YES;
				CLANG_ENABLE_OBJC_ARC = YES;
				CLANG_WARN_BOOL_CONVERSION = YES;
				CLANG_WARN_CONSTANT_CONVERSION = YES;
				CLANG_WARN_DIRECT_OBJC_ISA_USAGE = YES_ERROR;
				CLANG_WARN_EMPTY_BODY = YES;
				CLANG_WARN_ENUM_CONVERSION = YES;
				CLANG_WARN_INFINITE_RECURSION = YES;
				CLANG_WARN_INT_CONVERSION = YES;
				CLANG_WARN_OBJC_ROOT_CLASS = YES_ERROR;
				CLANG_WARN_SUSPICIOUS_MOVE = YES;
				CLANG_WARN_UNREACHABLE_CODE = YES;
				CLANG_WARN__DUPLICATE_METHOD_MATCH = YES;
				"CODE_SIGN_IDENTITY[sdk=iphoneos*]" = "iPhone Developer";
				COPY_PHASE_STRIP = NO;
				DEBUG_INFORMATION_FORMAT = dwarf;
				ENABLE_STRICT_OBJC_MSGSEND = YES;
				ENABLE_TESTABILITY = YES;
				GCC_C_LANGUAGE_STANDARD = gnu99;
				GCC_DYNAMIC_NO_PIC = NO;
				GCC_NO_COMMON_BLOCKS = YES;
				GCC_OPTIMIZATION_LEVEL = 0;
				GCC_PREPROCESSOR_DEFINITIONS = (
					"DEBUG=1",
					"$(inherited)",
				);
				GCC_WARN_64_TO_32_BIT_CONVERSION = YES;
				GCC_WARN_ABOUT_RETURN_TYPE = YES_ERROR;
				GCC_WARN_UNDECLARED_SELECTOR = YES;
				GCC_WARN_UNINITIALIZED_AUTOS = YES_AGGRESSIVE;
				GCC_WARN_UNUSED_FUNCTION = YES;
				GCC_WARN_UNUSED_VARIABLE = YES;
				IPHONEOS_DEPLOYMENT_TARGET = 9.3;
				MTL_ENABLE_DEBUG_INFO = YES;
				ONLY_ACTIVE_ARCH = YES;
				SDKROOT = iphoneos;
				SWIFT_OPTIMIZATION_LEVEL = "-Onone";
			};
			name = Debug;
		};
		BC2E4CCC1D88193C00376D95 /* Release */ = {
			isa = XCBuildConfiguration;
			buildSettings = {
				ALWAYS_SEARCH_USER_PATHS = NO;
				CLANG_ANALYZER_NONNULL = YES;
				CLANG_CXX_LANGUAGE_STANDARD = "gnu++0x";
				CLANG_CXX_LIBRARY = "libc++";
				CLANG_ENABLE_MODULES = YES;
				CLANG_ENABLE_OBJC_ARC = YES;
				CLANG_WARN_BOOL_CONVERSION = YES;
				CLANG_WARN_CONSTANT_CONVERSION = YES;
				CLANG_WARN_DIRECT_OBJC_ISA_USAGE = YES_ERROR;
				CLANG_WARN_EMPTY_BODY = YES;
				CLANG_WARN_ENUM_CONVERSION = YES;
				CLANG_WARN_INFINITE_RECURSION = YES;
				CLANG_WARN_INT_CONVERSION = YES;
				CLANG_WARN_OBJC_ROOT_CLASS = YES_ERROR;
				CLANG_WARN_SUSPICIOUS_MOVE = YES;
				CLANG_WARN_UNREACHABLE_CODE = YES;
				CLANG_WARN__DUPLICATE_METHOD_MATCH = YES;
				"CODE_SIGN_IDENTITY[sdk=iphoneos*]" = "iPhone Developer";
				COPY_PHASE_STRIP = NO;
				DEBUG_INFORMATION_FORMAT = "dwarf-with-dsym";
				ENABLE_NS_ASSERTIONS = NO;
				ENABLE_STRICT_OBJC_MSGSEND = YES;
				GCC_C_LANGUAGE_STANDARD = gnu99;
				GCC_NO_COMMON_BLOCKS = YES;
				GCC_WARN_64_TO_32_BIT_CONVERSION = YES;
				GCC_WARN_ABOUT_RETURN_TYPE = YES_ERROR;
				GCC_WARN_UNDECLARED_SELECTOR = YES;
				GCC_WARN_UNINITIALIZED_AUTOS = YES_AGGRESSIVE;
				GCC_WARN_UNUSED_FUNCTION = YES;
				GCC_WARN_UNUSED_VARIABLE = YES;
				IPHONEOS_DEPLOYMENT_TARGET = 9.3;
				MTL_ENABLE_DEBUG_INFO = NO;
				SDKROOT = iphoneos;
				SWIFT_OPTIMIZATION_LEVEL = "-Owholemodule";
				VALIDATE_PRODUCT = YES;
			};
			name = Release;
		};
		BC2E4CCE1D88193C00376D95 /* Debug */ = {
			isa = XCBuildConfiguration;
			baseConfigurationReference = 1E77A4BA1CE21E9AB313D0E5 /* Pods-ListowelRaces.debug.xcconfig */;
			buildSettings = {
				ALWAYS_EMBED_SWIFT_STANDARD_LIBRARIES = YES;
				ASSETCATALOG_COMPILER_APPICON_NAME = AppIcon;
				CLANG_ENABLE_MODULES = YES;
				CODE_SIGN_ENTITLEMENTS = ListowelRaces/ListowelRaces.entitlements;
				CODE_SIGN_IDENTITY = "iPhone Developer";
				"CODE_SIGN_IDENTITY[sdk=iphoneos*]" = "iPhone Developer";
				DEVELOPMENT_TEAM = WU73TC74XQ;
				INFOPLIST_FILE = ListowelRaces/Info.plist;
				LD_RUNPATH_SEARCH_PATHS = "$(inherited) @executable_path/Frameworks";
				PRODUCT_BUNDLE_IDENTIFIER = com.VirginRock.ListowelRaces;
				PRODUCT_NAME = "$(TARGET_NAME)";
				PROVISIONING_PROFILE = "";
				SWIFT_OBJC_BRIDGING_HEADER = "ListowelRaces/ListowelRaces-Bridging-Header.h";
				SWIFT_OPTIMIZATION_LEVEL = "-Onone";
				SWIFT_VERSION = 3.0;
			};
			name = Debug;
		};
		BC2E4CCF1D88193C00376D95 /* Release */ = {
			isa = XCBuildConfiguration;
			baseConfigurationReference = 12F1160F587CB904E27F1383 /* Pods-ListowelRaces.release.xcconfig */;
			buildSettings = {
				ALWAYS_EMBED_SWIFT_STANDARD_LIBRARIES = YES;
				ASSETCATALOG_COMPILER_APPICON_NAME = AppIcon;
				CLANG_ENABLE_MODULES = YES;
				CODE_SIGN_ENTITLEMENTS = ListowelRaces/ListowelRaces.entitlements;
				CODE_SIGN_IDENTITY = "iPhone Developer";
				"CODE_SIGN_IDENTITY[sdk=iphoneos*]" = "iPhone Developer";
				DEVELOPMENT_TEAM = WU73TC74XQ;
				INFOPLIST_FILE = ListowelRaces/Info.plist;
				LD_RUNPATH_SEARCH_PATHS = "$(inherited) @executable_path/Frameworks";
				PRODUCT_BUNDLE_IDENTIFIER = com.VirginRock.ListowelRaces;
				PRODUCT_NAME = "$(TARGET_NAME)";
				PROVISIONING_PROFILE = "";
				SWIFT_OBJC_BRIDGING_HEADER = "ListowelRaces/ListowelRaces-Bridging-Header.h";
				SWIFT_VERSION = 3.0;
			};
			name = Release;
		};
/* End XCBuildConfiguration section */

/* Begin XCConfigurationList section */
		BC2E4CB41D88193C00376D95 /* Build configuration list for PBXProject "ListowelRaces" */ = {
			isa = XCConfigurationList;
			buildConfigurations = (
				BC2E4CCB1D88193C00376D95 /* Debug */,
				BC2E4CCC1D88193C00376D95 /* Release */,
			);
			defaultConfigurationIsVisible = 0;
			defaultConfigurationName = Release;
		};
		BC2E4CCD1D88193C00376D95 /* Build configuration list for PBXNativeTarget "ListowelRaces" */ = {
			isa = XCConfigurationList;
			buildConfigurations = (
				BC2E4CCE1D88193C00376D95 /* Debug */,
				BC2E4CCF1D88193C00376D95 /* Release */,
			);
			defaultConfigurationIsVisible = 0;
			defaultConfigurationName = Release;
		};
/* End XCConfigurationList section */
	};
	rootObject = BC2E4CB11D88193C00376D95 /* Project object */;
}
